
Microsoft Visual Studio Solution File, Format Version 12.00
# Visual Studio Version 17
VisualStudioVersion = 17.3.32901.215
MinimumVisualStudioVersion = 10.0.40219.1
Project("{9A19103F-16F7-4668-BE54-9A1E7A4F7556}") = "Address2Map", "Address2Map\Address2Map.csproj", "{F721352E-8815-4E98-809B-2AB04C2568B3}"
EndProject
Project("{9A19103F-16F7-4668-BE54-9A1E7A4F7556}") = "Address2MapTests", "Address2MapTests\Address2MapTests.csproj", "{CD5C19DB-54C1-4E66-989B-CD371733ED47}"
EndProject
Project("{9A19103F-16F7-4668-BE54-9A1E7A4F7556}") = "JTSK-S42-WGS84-Krovak-GPS", "JTSK-S42-WGS84-Krovak-GPS\JTSK-S42-WGS84-Krovak-GPS.csproj", "{61B67615-CF7E-45F8-BCB5-41B4029AA2E1}"
EndProject
Project("{2150E333-8FDC-42A3-9474-1A3956D46DE8}") = "Solution Items", "Solution Items", "{D48EA840-A000-4002-9E1E-1098FE0B9CB2}"
	ProjectSection(SolutionItems) = preProject
		.editorconfig = .editorconfig
	EndProjectSection
EndProject
Global
	GlobalSection(SolutionConfigurationPlatforms) = preSolution
		Debug|Any CPU = Debug|Any CPU
		Release|Any CPU = Release|Any CPU
	EndGlobalSection
	GlobalSection(ProjectConfigurationPlatforms) = postSolution
		{F721352E-8815-4E98-809B-2AB04C2568B3}.Debug|Any CPU.ActiveCfg = Debug|Any CPU
		{F721352E-8815-4E98-809B-2AB04C2568B3}.Debug|Any CPU.Build.0 = Debug|Any CPU
		{F721352E-8815-4E98-809B-2AB04C2568B3}.Release|Any CPU.ActiveCfg = Release|Any CPU
		{F721352E-8815-4E98-809B-2AB04C2568B3}.Release|Any CPU.Build.0 = Release|Any CPU
		{CD5C19DB-54C1-4E66-989B-CD371733ED47}.Debug|Any CPU.ActiveCfg = Debug|Any CPU
		{CD5C19DB-54C1-4E66-989B-CD371733ED47}.Debug|Any CPU.Build.0 = Debug|Any CPU
		{CD5C19DB-54C1-4E66-989B-CD371733ED47}.Release|Any CPU.ActiveCfg = Release|Any CPU
		{CD5C19DB-54C1-4E66-989B-CD371733ED47}.Release|Any CPU.Build.0 = Release|Any CPU
		{61B67615-CF7E-45F8-BCB5-41B4029AA2E1}.Debug|Any CPU.ActiveCfg = Debug|Any CPU
		{61B67615-CF7E-45F8-BCB5-41B4029AA2E1}.Debug|Any CPU.Build.0 = Debug|Any CPU
		{61B67615-CF7E-45F8-BCB5-41B4029AA2E1}.Release|Any CPU.ActiveCfg = Release|Any CPU
		{61B67615-CF7E-45F8-BCB5-41B4029AA2E1}.Release|Any CPU.Build.0 = Release|Any CPU
	EndGlobalSection
	GlobalSection(SolutionProperties) = preSolution
		HideSolutionNode = FALSE
	EndGlobalSection
	GlobalSection(ExtensibilityGlobals) = postSolution
		SolutionGuid = {0B536F8C-E1E4-4483-A09A-0F50C757A6A9}
	EndGlobalSection
EndGlobal
